# THIS IS AN AUTOGENERATED FILE. DO NOT EDIT THIS FILE DIRECTLY.
# yarn lockfile v1


"@babel/runtime@^7.27.6":
  version "7.27.6"
  resolved "https://registry.yarnpkg.com/@babel/runtime/-/runtime-7.27.6.tgz#ec4070a04d76bae8ddbb10770ba55714a417b7c6"
  integrity sha512-vbavdySgbTTrmFE+EsiqUTzlOr5bzlnJtUv9PynGCAKvfQqjIXbvFdumPM/GxMDfyuGMJaJAU6TO4zc1Jf1i8Q==

"@types/node@^24.0.13":
  version "24.0.13"
  resolved "https://registry.yarnpkg.com/@types/node/-/node-24.0.13.tgz#93ed8c05c7b188a59760be0ce2ee3fa7ad0f83f6"
  integrity sha512-Qm9OYVOFHFYg3wJoTSrz80hoec5Lia/dPp84do3X7dZvLikQvM1YpmvTBEdIr/e+U8HTkFjLHLnl78K/qjf+jQ==
  dependencies:
    undici-types "~7.8.0"

cookie-parser@^1.4.7:
  version "1.4.7"
  resolved "https://registry.yarnpkg.com/cookie-parser/-/cookie-parser-1.4.7.tgz#e2125635dfd766888ffe90d60c286404fa0e7b26"
  integrity sha512-nGUvgXnotP3BsjiLX2ypbQnWoGUPIIfHQNZkkC668ntrzGWEZVW70HDEB1qnNGMicPje6EttlIgzo51YSwNQGw==
  dependencies:
    cookie "0.7.2"
    cookie-signature "1.0.6"

cookie-signature@1.0.6:
  version "1.0.6"
  resolved "https://registry.yarnpkg.com/cookie-signature/-/cookie-signature-1.0.6.tgz#e303a882b342cc3ee8ca513a79999734dab3ae2c"
  integrity sha512-QADzlaHc8icV8I7vbaJXJwod9HWYp8uCqf1xa4OfNu1T7JVxQIrUgOWtHdNDtPiywmFbiS12VjotIXLrKM3orQ==

cookie@0.7.2:
  version "0.7.2"
  resolved "https://registry.yarnpkg.com/cookie/-/cookie-0.7.2.tgz#556369c472a2ba910f2979891b526b3436237ed7"
  integrity sha512-yki5XnKuf750l50uGTllt6kKILY4nQ1eNIQatoXEByZ5dWgnKqbnqmTrBE5B4N7lrMJKQ2ytWMiTO2o0v6Ew/w==

howler@^2.2.4:
  version "2.2.4"
  resolved "https://registry.yarnpkg.com/howler/-/howler-2.2.4.tgz#bd3df4a4f68a0118a51e4bd84a2bfc2e93e6e5a1"
  integrity sha512-iARIBPgcQrwtEr+tALF+rapJ8qSc+Set2GJQl7xT1MQzWaVkFebdJhR3alVlSiUf5U7nAANKuj3aWpwerocD5w==

html-parse-stringify@^3.0.1:
  version "3.0.1"
  resolved "https://registry.yarnpkg.com/html-parse-stringify/-/html-parse-stringify-3.0.1.tgz#dfc1017347ce9f77c8141a507f233040c59c55d2"
  integrity sha512-KknJ50kTInJ7qIScF3jeaFRpMpE8/lfiTdzf/twXyPBLAGrLRTmkz3AdTnKeh40X8k9L2fdYwEp/42WGXIRGcg==
  dependencies:
    void-elements "3.1.0"

react-i18next@^15.0.3:
  version "15.6.0"
  resolved "https://registry.yarnpkg.com/react-i18next/-/react-i18next-15.6.0.tgz#f1705587621bd3cc1c92af0145949cdad8fd2e15"
  integrity sha512-W135dB0rDfiFmbMipC17nOhGdttO5mzH8BivY+2ybsQBbXvxWIwl3cmeH3T9d+YPBSJu/ouyJKFJTtkK7rJofw==
  dependencies:
    "@babel/runtime" "^7.27.6"
    html-parse-stringify "^3.0.1"

undici-types@~7.8.0:
  version "7.8.0"
  resolved "https://registry.yarnpkg.com/undici-types/-/undici-types-7.8.0.tgz#de00b85b710c54122e44fbfd911f8d70174cd294"
  integrity sha512-9UJ2xGDvQ43tYyVMpuHlsgApydB8ZKfVYTsLDhXkFL/6gfkp+U8xTGdh8pMJv1SpZna0zxG1DwsKZsreLbXBxw==

use-sound@^4.0.3:
  version "4.0.4"
  resolved "https://registry.yarnpkg.com/use-sound/-/use-sound-4.0.4.tgz#2b6c0ff87aea2398e867471dc894c18d4cf54d2a"
  integrity sha512-SW81yRUu3K0rJHW0WVANCAK581A2qgD97+QrLxPhlAhvdIAIgw2J9d1VThdbHmPHjzCbwKE/is82V88sgFdjCg==
  dependencies:
    howler "^2.2.4"

void-elements@3.1.0:
  version "3.1.0"
  resolved "https://registry.yarnpkg.com/void-elements/-/void-elements-3.1.0.tgz#614f7fbf8d801f0bb5f0661f5b2f5785750e4f09"
  integrity sha512-Dhxzh5HZuiHQhbvTW9AMetFfBHDMYpo23Uo9btPXgdYP+3T5S+p+jgNy7spra+veYhBP2dCSgxR/i2Y02h5/6w==
